
Microsoft Visual Studio Solution File, Format Version 12.00
Project("{FAE04EC0-301F-11D3-BF4B-00C04F79EFBC}") = "FixerTest", "FixerTest.csproj", "{C1B6D7B8-0DA1-4911-9827-7A94B293B914}"
EndProject
Global
	GlobalSection(SolutionConfigurationPlatforms) = preSolution
		Debug|Any CPU = Debug|Any CPU
		Release|Any CPU = Release|Any CPU
	EndGlobalSection
	GlobalSection(ProjectConfigurationPlatforms) = postSolution
		{C1B6D7B8-0DA1-4911-9827-7A94B293B914}.Debug|Any CPU.ActiveCfg = Debug|Any CPU
		{C1B6D7B8-0DA1-4911-9827-7A94B293B914}.Debug|Any CPU.Build.0 = Debug|Any CPU
		{C1B6D7B8-0DA1-4911-9827-7A94B293B914}.Release|Any CPU.ActiveCfg = Release|Any CPU
		{C1B6D7B8-0DA1-4911-9827-7A94B293B914}.Release|Any CPU.Build.0 = Release|Any CPU
	EndGlobalSection
EndGlobal
